{
  "nodes": {
    "agenix": {
      "inputs": {
        "darwin": "darwin",
        "home-manager": "home-manager",
        "nixpkgs": [
          "nixpkgs"
        ],
        "systems": "systems"
      },
      "locked": {
        "lastModified": 1745630506,
        "narHash": "sha256-bHCFgGeu8XjWlVuaWzi3QONjDW3coZDqSHvnd4l7xus=",
        "owner": "ryantm",
        "repo": "agenix",
        "rev": "96e078c646b711aee04b82ba01aefbff87004ded",
        "type": "github"
      },
      "original": {
        "owner": "ryantm",
        "repo": "agenix",
        "type": "github"
      }
    },
    "ai-robots-txt": {
      "flake": false,
      "locked": {
        "lastModified": 1746095346,
        "narHash": "sha256-s2hLupn4w64p0QS/rmLIcKQ+3UWMUO0sqP9dL1clqPI=",
        "owner": "ai-robots-txt",
        "repo": "ai.robots.txt",
        "rev": "678380727e8685af8c5311bcfa1f55c7aa866d3b",
        "type": "github"
      },
      "original": {
        "owner": "ai-robots-txt",
        "repo": "ai.robots.txt",
        "type": "github"
      }
    },
    "akkoma": {
      "flake": false,
      "locked": {
        "lastModified": 1746545098,
        "narHash": "sha256-D/SevOumJp84LVscHhTeAZWdo2II707O6cPL8Xik+JI=",
        "ref": "refs/heads/develop",
        "rev": "6b97f085d8c06fee49f5d70545a722cb36db8c72",
        "revCount": 16000,
        "type": "git",
        "url": "https://akkoma.dev/AkkomaGang/akkoma"
      },
      "original": {
        "type": "git",
        "url": "https://akkoma.dev/AkkomaGang/akkoma"
      }
    },
    "alejandra": {
      "inputs": {
        "fenix": "fenix",
        "flakeCompat": "flakeCompat",
        "nixpkgs": [
          "nixpkgs"
        ]
      },
      "locked": {
        "lastModified": 1744400328,
        "narHash": "sha256-HmjQFhAjABFY4gJtptJ1zpGq9CVJCmo7pmmfl+X5UN0=",
        "owner": "kamadorueda",
        "repo": "alejandra",
        "rev": "33cb45569dfb22d4cc3c3fa859ee9b7baf1fa38f",
        "type": "github"
      },
      "original": {
        "owner": "kamadorueda",
        "repo": "alejandra",
        "type": "github"
      }
    },
    "alejandra_2": {
      "inputs": {
        "fenix": "fenix_2",
        "flakeCompat": "flakeCompat_2",
        "nixpkgs": [
          "ashwalker-net",
          "nixpkgs"
        ]
      },
      "locked": {
        "lastModified": 1719514321,
        "narHash": "sha256-ys1nJdZ8zB8JlpUbQmnj0hZalg03bEPgQdZN30DhETE=",
        "owner": "kamadorueda",
        "repo": "alejandra",
        "rev": "d7552fef2ccf1bbf0d36b27f6fddb19073f205b7",
        "type": "github"
      },
      "original": {
        "owner": "kamadorueda",
        "repo": "alejandra",
        "type": "github"
      }
    },
    "ashwalker-net": {
      "inputs": {
        "alejandra": "alejandra_2",
        "nixpkgs": [
          "nixpkgs"
        ]
      },
      "locked": {
        "lastModified": 1732575987,
        "narHash": "sha256-xi/CaORo5FD68siyDzdyZNx6M+TpN3fAqM8GF6Zc7t4=",
        "ref": "refs/heads/main",
        "rev": "5e2149561d600a9e051dc5d84f99020288cd977b",
        "revCount": 220,
        "type": "git",
        "url": "https://git.ashwalker.net/Ash/ashwalker.net"
      },
      "original": {
        "type": "git",
        "url": "https://git.ashwalker.net/Ash/ashwalker.net"
      }
    },
    "attic": {
      "inputs": {
        "crane": "crane",
        "flake-compat": "flake-compat",
        "flake-utils": "flake-utils",
        "nixpkgs": "nixpkgs",
        "nixpkgs-stable": "nixpkgs-stable"
      },
      "locked": {
        "lastModified": 1707922053,
        "narHash": "sha256-wSZjK+rOXn+UQiP1NbdNn5/UW6UcBxjvlqr2wh++MbM=",
        "owner": "zhaofengli",
        "repo": "attic",
        "rev": "6eabc3f02fae3683bffab483e614bebfcd476b21",
        "type": "github"
      },
      "original": {
        "owner": "zhaofengli",
        "ref": "main",
        "repo": "attic",
        "type": "github"
      }
    },
    "blobs": {
      "flake": false,
      "locked": {
        "lastModified": 1604995301,
        "narHash": "sha256-wcLzgLec6SGJA8fx1OEN1yV/Py5b+U5iyYpksUY/yLw=",
        "owner": "simple-nixos-mailserver",
        "repo": "blobs",
        "rev": "2cccdf1ca48316f2cfd1c9a0017e8de5a7156265",
        "type": "gitlab"
      },
      "original": {
        "owner": "simple-nixos-mailserver",
        "repo": "blobs",
        "type": "gitlab"
      }
    },
    "comentario": {
      "inputs": {
        "comentario": "comentario_2",
        "nixpkgs": [
          "nixpkgs"
        ]
      },
      "locked": {
        "lastModified": 1729181695,
        "narHash": "sha256-/ICysQeRTKHAId38gO7mkX7L4LUggjnbWFJrqvwgIZE=",
        "ref": "refs/heads/main",
        "rev": "845254ff79c8bd0add69a89e28fc728168e5d6b4",
        "revCount": 10,
        "type": "git",
        "url": "https://git.ashwalker.net/Ash/nix.pkg.comentario"
      },
      "original": {
        "type": "git",
        "url": "https://git.ashwalker.net/Ash/nix.pkg.comentario"
      }
    },
    "comentario_2": {
      "flake": false,
      "locked": {
        "lastModified": 1726311252,
        "narHash": "sha256-o7NOj6Yy0h7KQb4zrz7o4ukb2+YFl5may64M43JaSvQ=",
        "owner": "comentario",
        "repo": "comentario",
        "rev": "95e3075a2a18af61411cac97dd70e06d0c2e4842",
        "type": "gitlab"
      },
      "original": {
        "owner": "comentario",
        "ref": "v3.10.0",
        "repo": "comentario",
        "type": "gitlab"
      }
    },
    "conduit": {
      "inputs": {
        "attic": "attic",
        "crane": "crane_2",
        "fenix": "fenix_3",
        "flake-compat": "flake-compat_2",
        "flake-utils": "flake-utils_2",
        "nix-filter": "nix-filter",
        "nixpkgs": [
          "nixpkgs"
        ]
      },
      "locked": {
        "lastModified": 1742789401,
        "narHash": "sha256-oZ8TPrtzPwXupsAfwMjLRI/s0/PokqL3q1ejeGVn5lE=",
        "owner": "famedly",
        "repo": "conduit",
        "rev": "a7e6f60b41122761422df2b7bcc0c192416f9a28",
        "type": "gitlab"
      },
      "original": {
        "owner": "famedly",
        "repo": "conduit",
        "type": "gitlab"
      }
    },
    "crane": {
      "inputs": {
        "nixpkgs": [
          "conduit",
          "attic",
          "nixpkgs"
        ]
      },
      "locked": {
        "lastModified": 1702918879,
        "narHash": "sha256-tWJqzajIvYcaRWxn+cLUB9L9Pv4dQ3Bfit/YjU5ze3g=",
        "owner": "ipetkov",
        "repo": "crane",
        "rev": "7195c00c272fdd92fc74e7d5a0a2844b9fadb2fb",
        "type": "github"
      },
      "original": {
        "owner": "ipetkov",
        "repo": "crane",
        "type": "github"
      }
    },
    "crane_2": {
      "inputs": {
        "nixpkgs": [
          "conduit",
          "nixpkgs"
        ]
      },
      "locked": {
        "lastModified": 1713721181,
        "narHash": "sha256-Vz1KRVTzU3ClBfyhOj8gOehZk21q58T1YsXC30V23PU=",
        "owner": "ipetkov",
        "repo": "crane",
        "rev": "55f4939ac59ff8f89c6a4029730a2d49ea09105f",
        "type": "github"
      },
      "original": {
        "owner": "ipetkov",
        "ref": "master",
        "repo": "crane",
        "type": "github"
      }
    },
    "darwin": {
      "inputs": {
        "nixpkgs": [
          "agenix",
          "nixpkgs"
        ]
      },
      "locked": {
        "lastModified": 1744478979,
        "narHash": "sha256-dyN+teG9G82G+m+PX/aSAagkC+vUv0SgUw3XkPhQodQ=",
        "owner": "lnl7",
        "repo": "nix-darwin",
        "rev": "43975d782b418ebf4969e9ccba82466728c2851b",
        "type": "github"
      },
      "original": {
        "owner": "lnl7",
        "ref": "master",
        "repo": "nix-darwin",
        "type": "github"
      }
    },
    "deploy-rs": {
      "inputs": {
        "flake-compat": "flake-compat_3",
        "nixpkgs": [
          "nixpkgs"
        ],
        "utils": "utils"
      },
      "locked": {
        "lastModified": 1727447169,
        "narHash": "sha256-3KyjMPUKHkiWhwR91J1YchF6zb6gvckCAY1jOE+ne0U=",
        "owner": "serokell",
        "repo": "deploy-rs",
        "rev": "aa07eb05537d4cd025e2310397a6adcedfe72c76",
        "type": "github"
      },
      "original": {
        "owner": "serokell",
        "repo": "deploy-rs",
        "type": "github"
      }
    },
    "disko": {
      "inputs": {
        "nixpkgs": [
          "nixpkgs"
        ]
      },
      "locked": {
        "lastModified": 1746411114,
        "narHash": "sha256-mLlkVX1kKbAa/Ns5u26wDYw4YW4ziMFM21fhtRmfirU=",
        "owner": "nix-community",
        "repo": "disko",
        "rev": "b5d1320ebc2f34dbea4655f95167f55e2130cdb3",
        "type": "github"
      },
      "original": {
        "owner": "nix-community",
        "repo": "disko",
        "type": "github"
      }
    },
    "fenix": {
      "inputs": {
        "nixpkgs": [
          "alejandra",
          "nixpkgs"
        ],
        "rust-analyzer-src": "rust-analyzer-src"
      },
      "locked": {
        "lastModified": 1730615655,
        "narHash": "sha256-2HBR3zLn57LXKNRtxBb+O+uDqHM4n0pz51rPayMl4cg=",
        "owner": "nix-community",
        "repo": "fenix",
        "rev": "efeb50e2535b17ffd4a135e6e3e5fd60a525180c",
        "type": "github"
      },
      "original": {
        "owner": "nix-community",
        "repo": "fenix",
        "type": "github"
      }
    },
    "fenix_2": {
      "inputs": {
        "nixpkgs": [
          "ashwalker-net",
          "alejandra",
          "nixpkgs"
        ],
        "rust-analyzer-src": "rust-analyzer-src_2"
      },
      "locked": {
        "lastModified": 1668234453,
        "narHash": "sha256-FmuZThToBvRsqCauYJ3l8HJoGLAY5cMULeYEKIaGrRw=",
        "owner": "nix-community",
        "repo": "fenix",
        "rev": "8f219f6b36e8d0d56afa7f67e6e3df63ef013cdb",
        "type": "github"
      },
      "original": {
        "owner": "nix-community",
        "repo": "fenix",
        "type": "github"
      }
    },
    "fenix_3": {
      "inputs": {
        "nixpkgs": [
          "conduit",
          "nixpkgs"
        ],
        "rust-analyzer-src": "rust-analyzer-src_3"
      },
      "locked": {
        "lastModified": 1709619709,
        "narHash": "sha256-l6EPVJfwfelWST7qWQeP6t/TDK3HHv5uUB1b2vw4mOQ=",
        "owner": "nix-community",
        "repo": "fenix",
        "rev": "c8943ea9e98d41325ff57d4ec14736d330b321b2",
        "type": "github"
      },
      "original": {
        "owner": "nix-community",
        "repo": "fenix",
        "type": "github"
      }
    },
    "fishFzf": {
      "flake": false,
      "locked": {
        "lastModified": 1712464035,
        "narHash": "sha256-T8KYLA/r/gOKvAivKRoeqIwE2pINlxFQtZJHpOy9GMM=",
        "owner": "PatrickF1",
        "repo": "fzf.fish",
        "rev": "8920367cf85eee5218cc25a11e209d46e2591e7a",
        "type": "github"
      },
      "original": {
        "owner": "PatrickF1",
        "repo": "fzf.fish",
        "type": "github"
      }
    },
    "flake-compat": {
      "flake": false,
      "locked": {
        "lastModified": 1673956053,
        "narHash": "sha256-4gtG9iQuiKITOjNQQeQIpoIB6b16fm+504Ch3sNKLd8=",
        "owner": "edolstra",
        "repo": "flake-compat",
        "rev": "35bb57c0c8d8b62bbfd284272c928ceb64ddbde9",
        "type": "github"
      },
      "original": {
        "owner": "edolstra",
        "repo": "flake-compat",
        "type": "github"
      }
    },
    "flake-compat_2": {
      "flake": false,
      "locked": {
        "lastModified": 1696426674,
        "narHash": "sha256-kvjfFW7WAETZlt09AgDn1MrtKzP7t90Vf7vypd3OL1U=",
        "owner": "edolstra",
        "repo": "flake-compat",
        "rev": "0f9255e01c2351cc7d116c072cb317785dd33b33",
        "type": "github"
      },
      "original": {
        "owner": "edolstra",
        "repo": "flake-compat",
        "type": "github"
      }
    },
    "flake-compat_3": {
      "flake": false,
      "locked": {
        "lastModified": 1696426674,
        "narHash": "sha256-kvjfFW7WAETZlt09AgDn1MrtKzP7t90Vf7vypd3OL1U=",
        "owner": "edolstra",
        "repo": "flake-compat",
        "rev": "0f9255e01c2351cc7d116c072cb317785dd33b33",
        "type": "github"
      },
      "original": {
        "owner": "edolstra",
        "repo": "flake-compat",
        "type": "github"
      }
    },
    "flake-compat_4": {
      "flake": false,
      "locked": {
        "lastModified": 1696426674,
        "narHash": "sha256-kvjfFW7WAETZlt09AgDn1MrtKzP7t90Vf7vypd3OL1U=",
        "owner": "edolstra",
        "repo": "flake-compat",
        "rev": "0f9255e01c2351cc7d116c072cb317785dd33b33",
        "type": "github"
      },
      "original": {
        "owner": "edolstra",
        "repo": "flake-compat",
        "type": "github"
      }
    },
    "flake-utils": {
      "locked": {
        "lastModified": 1667395993,
        "narHash": "sha256-nuEHfE/LcWyuSWnS8t12N1wc105Qtau+/OdUAjtQ0rA=",
        "owner": "numtide",
        "repo": "flake-utils",
        "rev": "5aed5285a952e0b949eb3ba02c12fa4fcfef535f",
        "type": "github"
      },
      "original": {
        "owner": "numtide",
        "repo": "flake-utils",
        "type": "github"
      }
    },
    "flake-utils_2": {
      "inputs": {
        "systems": "systems_2"
      },
      "locked": {
        "lastModified": 1709126324,
        "narHash": "sha256-q6EQdSeUZOG26WelxqkmR7kArjgWCdw5sfJVHPH/7j8=",
        "owner": "numtide",
        "repo": "flake-utils",
        "rev": "d465f4819400de7c8d874d50b982301f28a84605",
        "type": "github"
      },
      "original": {
        "owner": "numtide",
        "repo": "flake-utils",
        "type": "github"
      }
    },
    "flakeCompat": {
      "flake": false,
      "locked": {
        "lastModified": 1696426674,
        "narHash": "sha256-kvjfFW7WAETZlt09AgDn1MrtKzP7t90Vf7vypd3OL1U=",
        "owner": "edolstra",
        "repo": "flake-compat",
        "rev": "0f9255e01c2351cc7d116c072cb317785dd33b33",
        "type": "github"
      },
      "original": {
        "owner": "edolstra",
        "repo": "flake-compat",
        "type": "github"
      }
    },
    "flakeCompat_2": {
      "flake": false,
      "locked": {
        "lastModified": 1650374568,
        "narHash": "sha256-Z+s0J8/r907g149rllvwhb4pKi8Wam5ij0st8PwAh+E=",
        "owner": "edolstra",
        "repo": "flake-compat",
        "rev": "b4a34015c698c7793d592d66adbab377907a2be8",
        "type": "github"
      },
      "original": {
        "owner": "edolstra",
        "repo": "flake-compat",
        "type": "github"
      }
    },
    "home-manager": {
      "inputs": {
        "nixpkgs": [
          "agenix",
          "nixpkgs"
        ]
      },
      "locked": {
        "lastModified": 1745494811,
        "narHash": "sha256-YZCh2o9Ua1n9uCvrvi5pRxtuVNml8X2a03qIFfRKpFs=",
        "owner": "nix-community",
        "repo": "home-manager",
        "rev": "abfad3d2958c9e6300a883bd443512c55dfeb1be",
        "type": "github"
      },
      "original": {
        "owner": "nix-community",
        "repo": "home-manager",
        "type": "github"
      }
    },
    "home-manager_2": {
      "inputs": {
        "nixpkgs": [
          "nixpkgs"
        ]
      },
      "locked": {
        "lastModified": 1746413188,
        "narHash": "sha256-i6BoiQP0PasExESQHszC0reQHfO6D4aI2GzOwZMOI20=",
        "owner": "nix-community",
        "repo": "home-manager",
        "rev": "8a318641ac13d3bc0a53651feaee9560f9b2d89a",
        "type": "github"
      },
      "original": {
        "owner": "nix-community",
        "repo": "home-manager",
        "type": "github"
      }
    },
    "home-manager_3": {
      "inputs": {
        "nixpkgs": [
          "sysbase",
          "nixpkgs"
        ]
      },
      "locked": {
        "lastModified": 1746369725,
        "narHash": "sha256-m3ai7LLFYsymMK0uVywCceWfUhP0k3CALyFOfcJACqE=",
        "owner": "nix-community",
        "repo": "home-manager",
        "rev": "1a1793f6d940d22c6e49753548c5b6cb7dc5545d",
        "type": "github"
      },
      "original": {
        "owner": "nix-community",
        "repo": "home-manager",
        "type": "github"
      }
    },
    "homebase": {
      "inputs": {
        "alejandra": [
          "alejandra"
        ],
        "fishFzf": "fishFzf",
        "home-manager": [
          "home-manager"
        ],
        "homelib": [
          "homelib"
        ],
        "nixpkgs": [
          "nixpkgs"
        ],
        "tokyonight": "tokyonight"
      },
      "locked": {
        "lastModified": 1720033638,
        "narHash": "sha256-W88BtPeaUezdkPv7awJBOdpGLk3o77o+6K1BmFG+ByI=",
        "owner": "signalwalker",
        "repo": "nix.home.base",
        "rev": "557545bbd55909e867756d96a0bcc1c057edf6b4",
        "type": "github"
      },
      "original": {
        "owner": "signalwalker",
        "repo": "nix.home.base",
        "type": "github"
      }
    },
    "homelib": {
      "inputs": {
        "alejandra": [
          "alejandra"
        ],
        "home-manager": [
          "home-manager"
        ],
        "nixpkgs": [
          "nixpkgs"
        ]
      },
      "locked": {
        "lastModified": 1746380394,
        "narHash": "sha256-bWAv0FoSKvzz1F36S3Bv+H4AEEm9KRzU7Smgo3WdcQs=",
        "owner": "signalwalker",
        "repo": "nix.home.lib",
        "rev": "a972d233a96946374fd3f00229b6835725ebcf28",
        "type": "github"
      },
      "original": {
        "owner": "signalwalker",
        "repo": "nix.home.lib",
        "type": "github"
      }
    },
    "mediawiki-css": {
      "flake": false,
      "locked": {
        "lastModified": 1739777286,
        "narHash": "sha256-l7IduVUuX9GmYwrlCA8c3Em5QZ0lfLo14bmZkbpLpgE=",
        "owner": "wikimedia",
        "repo": "mediawiki-extensions-CSS",
        "rev": "fa497fc85e3fc5d9d9ccf6f032cb015536798799",
        "type": "github"
      },
      "original": {
        "owner": "wikimedia",
        "repo": "mediawiki-extensions-CSS",
        "type": "github"
      }
    },
    "nginx-vhost-defaults": {
      "inputs": {
        "ai-robots-txt": "ai-robots-txt"
      },
      "locked": {
        "lastModified": 1746149428,
        "narHash": "sha256-1Yjf0u8wd/f/NIJoCyyHd1ANio+EqpQTouhxjZ7Wmzk=",
        "owner": "SignalWalker",
        "repo": "nix.nginx.vhost-defaults",
        "rev": "c418608719e601fd7a84311f99554af8856a3516",
        "type": "github"
      },
      "original": {
        "owner": "SignalWalker",
        "repo": "nix.nginx.vhost-defaults",
        "type": "github"
      }
    },
    "nix-filter": {
      "locked": {
        "lastModified": 1705332318,
        "narHash": "sha256-kcw1yFeJe9N4PjQji9ZeX47jg0p9A0DuU4djKvg1a7I=",
        "owner": "numtide",
        "repo": "nix-filter",
        "rev": "3449dc925982ad46246cfc36469baf66e1b64f17",
        "type": "github"
      },
      "original": {
        "owner": "numtide",
        "repo": "nix-filter",
        "type": "github"
      }
    },
    "nixinate": {
      "inputs": {
        "nixpkgs": [
          "nixpkgs"
        ]
      },
      "locked": {
        "lastModified": 1742737607,
        "narHash": "sha256-rXR5zT+/ivE5JTi6m5tCvqN4obQPIT0mgmrBHkdjwEs=",
        "owner": "matthewcroughan",
        "repo": "nixinate",
        "rev": "617b9bb5297147e35cbb24c93e2f30129f31bb9d",
        "type": "github"
      },
      "original": {
        "owner": "matthewcroughan",
        "repo": "nixinate",
        "type": "github"
      }
    },
    "nixpkgs": {
      "locked": {
        "lastModified": 1702539185,
        "narHash": "sha256-KnIRG5NMdLIpEkZTnN5zovNYc0hhXjAgv6pfd5Z4c7U=",
        "owner": "NixOS",
        "repo": "nixpkgs",
        "rev": "aa9d4729cbc99dabacb50e3994dcefb3ea0f7447",
        "type": "github"
      },
      "original": {
        "owner": "NixOS",
        "ref": "nixpkgs-unstable",
        "repo": "nixpkgs",
        "type": "github"
      }
    },
    "nixpkgs-24_11": {
      "locked": {
        "lastModified": 1734083684,
        "narHash": "sha256-5fNndbndxSx5d+C/D0p/VF32xDiJCJzyOqorOYW4JEo=",
        "owner": "NixOS",
        "repo": "nixpkgs",
        "rev": "314e12ba369ccdb9b352a4db26ff419f7c49fa84",
        "type": "github"
      },
      "original": {
        "id": "nixpkgs",
        "ref": "nixos-24.11",
        "type": "indirect"
      }
    },
    "nixpkgs-stable": {
      "locked": {
        "lastModified": 1702780907,
        "narHash": "sha256-blbrBBXjjZt6OKTcYX1jpe9SRof2P9ZYWPzq22tzXAA=",
        "owner": "NixOS",
        "repo": "nixpkgs",
        "rev": "1e2e384c5b7c50dbf8e9c441a9e58d85f408b01f",
        "type": "github"
      },
      "original": {
        "owner": "NixOS",
        "ref": "nixos-23.11",
        "repo": "nixpkgs",
        "type": "github"
      }
    },
    "nixpkgs_2": {
      "locked": {
        "lastModified": 1746461020,
        "narHash": "sha256-7+pG1I9jvxNlmln4YgnlW4o+w0TZX24k688mibiFDUE=",
        "owner": "NixOS",
        "repo": "nixpkgs",
        "rev": "3730d8a308f94996a9ba7c7138ede69c1b9ac4ae",
        "type": "github"
      },
      "original": {
        "owner": "NixOS",
        "ref": "nixos-unstable",
        "repo": "nixpkgs",
        "type": "github"
      }
    },
    "root": {
      "inputs": {
        "agenix": "agenix",
        "akkoma": "akkoma",
        "alejandra": "alejandra",
        "ashwalker-net": "ashwalker-net",
        "comentario": "comentario",
        "conduit": "conduit",
        "deploy-rs": "deploy-rs",
        "disko": "disko",
        "home-manager": "home-manager_2",
        "homebase": "homebase",
        "homelib": "homelib",
        "mediawiki-css": "mediawiki-css",
        "nixinate": "nixinate",
        "nixpkgs": "nixpkgs_2",
        "simple-nixos-mailserver": "simple-nixos-mailserver",
        "sysbase": "sysbase"
      }
    },
    "rust-analyzer-src": {
      "flake": false,
      "locked": {
        "lastModified": 1730555913,
        "narHash": "sha256-KNHZUlqsEibg3YtfUyOFQSofP8hp1HKoY+laoesBxRM=",
        "owner": "rust-lang",
        "repo": "rust-analyzer",
        "rev": "f17a5bbfd0969ba2e63a74505a80e55ecb174ed9",
        "type": "github"
      },
      "original": {
        "owner": "rust-lang",
        "ref": "nightly",
        "repo": "rust-analyzer",
        "type": "github"
      }
    },
    "rust-analyzer-src_2": {
      "flake": false,
      "locked": {
        "lastModified": 1668182250,
        "narHash": "sha256-PYGaOCiFvnJdVz+ZCaKF8geGdffXjJUNcMwaBHv0FT4=",
        "owner": "rust-lang",
        "repo": "rust-analyzer",
        "rev": "45ec315e01dc8dd1146dfeb65f0ef6e5c2efed78",
        "type": "github"
      },
      "original": {
        "owner": "rust-lang",
        "ref": "nightly",
        "repo": "rust-analyzer",
        "type": "github"
      }
    },
    "rust-analyzer-src_3": {
      "flake": false,
      "locked": {
        "lastModified": 1709571018,
        "narHash": "sha256-ISFrxHxE0J5g7lDAscbK88hwaT5uewvWoma9TlFmRzM=",
        "owner": "rust-lang",
        "repo": "rust-analyzer",
        "rev": "9f14343f9ee24f53f17492c5f9b653427e2ad15e",
        "type": "github"
      },
      "original": {
        "owner": "rust-lang",
        "ref": "nightly",
        "repo": "rust-analyzer",
        "type": "github"
      }
    },
    "simple-nixos-mailserver": {
      "inputs": {
        "blobs": "blobs",
        "flake-compat": "flake-compat_4",
        "nixpkgs": [
          "nixpkgs"
        ],
        "nixpkgs-24_11": "nixpkgs-24_11"
      },
      "locked": {
        "lastModified": 1746545137,
        "narHash": "sha256-aqmLaMdzNmpovS8u3M69itFO9o3VKz4d99zPLMn6LF0=",
        "owner": "simple-nixos-mailserver",
        "repo": "nixos-mailserver",
        "rev": "155ba08be7f9936dae712196d245b57a3795d1ee",
        "type": "gitlab"
      },
      "original": {
        "owner": "simple-nixos-mailserver",
        "repo": "nixos-mailserver",
        "type": "gitlab"
      }
    },
    "sysbase": {
      "inputs": {
        "alejandra": [
          "alejandra"
        ],
        "home-manager": "home-manager_3",
        "nginx-vhost-defaults": "nginx-vhost-defaults",
        "nixpkgs": [
          "nixpkgs"
        ],
        "wireguard-networks": "wireguard-networks"
      },
      "locked": {
        "lastModified": 1746380557,
        "narHash": "sha256-wxnySz3OJYFG6sPoq0LItwTVITzTDrYHQltYvSZlBT0=",
        "owner": "signalwalker",
        "repo": "nix.sys.base",
        "rev": "12b32d10f6924ca50dae897d8fd44252b53af413",
        "type": "github"
      },
      "original": {
        "owner": "signalwalker",
        "repo": "nix.sys.base",
        "type": "github"
      }
    },
    "systems": {
      "locked": {
        "lastModified": 1681028828,
        "narHash": "sha256-Vy1rq5AaRuLzOxct8nz4T6wlgyUR7zLU309k9mBC768=",
        "owner": "nix-systems",
        "repo": "default",
        "rev": "da67096a3b9bf56a91d16901293e51ba5b49a27e",
        "type": "github"
      },
      "original": {
        "owner": "nix-systems",
        "repo": "default",
        "type": "github"
      }
    },
    "systems_2": {
      "locked": {
        "lastModified": 1681028828,
        "narHash": "sha256-Vy1rq5AaRuLzOxct8nz4T6wlgyUR7zLU309k9mBC768=",
        "owner": "nix-systems",
        "repo": "default",
        "rev": "da67096a3b9bf56a91d16901293e51ba5b49a27e",
        "type": "github"
      },
      "original": {
        "owner": "nix-systems",
        "repo": "default",
        "type": "github"
      }
    },
    "systems_3": {
      "locked": {
        "lastModified": 1681028828,
        "narHash": "sha256-Vy1rq5AaRuLzOxct8nz4T6wlgyUR7zLU309k9mBC768=",
        "owner": "nix-systems",
        "repo": "default",
        "rev": "da67096a3b9bf56a91d16901293e51ba5b49a27e",
        "type": "github"
      },
      "original": {
        "owner": "nix-systems",
        "repo": "default",
        "type": "github"
      }
    },
    "tokyonight": {
      "flake": false,
      "locked": {
        "lastModified": 1720024203,
        "narHash": "sha256-AC+ouyfy1Ze4spcLqa59Tgjr/HzOhSL3Dvo9sMIHkSo=",
        "owner": "folke",
        "repo": "tokyonight.nvim",
        "rev": "a20e705156d0c6251693570c444cc1858f36fad5",
        "type": "github"
      },
      "original": {
        "owner": "folke",
        "repo": "tokyonight.nvim",
        "type": "github"
      }
    },
    "utils": {
      "inputs": {
        "systems": "systems_3"
      },
      "locked": {
        "lastModified": 1701680307,
        "narHash": "sha256-kAuep2h5ajznlPMD9rnQyffWG8EM/C73lejGofXvdM8=",
        "owner": "numtide",
        "repo": "flake-utils",
        "rev": "4022d587cbbfd70fe950c1e2083a02621806a725",
        "type": "github"
      },
      "original": {
        "owner": "numtide",
        "repo": "flake-utils",
        "type": "github"
      }
    },
    "wireguard-networks": {
      "locked": {
        "lastModified": 1733257742,
        "narHash": "sha256-v6sRtAXS25yzHui3uRXFCIjGizS9PA6Pd30zRBoIMGQ=",
        "owner": "SignalWalker",
        "repo": "nix.net.wireguard",
        "rev": "8f6874a7ced76da44b3896e1d4e1ecb58c11ee68",
        "type": "github"
      },
      "original": {
        "owner": "SignalWalker",
        "repo": "nix.net.wireguard",
        "type": "github"
      }
    }
  },
  "root": "root",
  "version": 7
}
