{
  "nodes": {
    "agenix": {
      "inputs": {
        "nixpkgs": [
          "nixpkgs"
        ]
      },
      "locked": {
        "lastModified": 1665870395,
        "narHash": "sha256-Tsbqb27LDNxOoPLh0gw2hIb6L/6Ow/6lIBvqcHzEKBI=",
        "owner": "ryantm",
        "repo": "agenix",
        "rev": "a630400067c6d03c9b3e0455347dc8559db14288",
        "type": "github"
      },
      "original": {
        "owner": "ryantm",
        "repo": "agenix",
        "type": "github"
      }
    },
    "alejandra": {
      "inputs": {
        "fenix": "fenix",
        "flakeCompat": "flakeCompat",
        "nixpkgs": [
          "nixpkgs"
        ]
      },
      "locked": {
        "lastModified": 1668317688,
        "narHash": "sha256-wC04cwcKyV2TUYXqMibFWkq7WOMIXHw5DrfAJrWHzgI=",
        "owner": "kamadorueda",
        "repo": "alejandra",
        "rev": "378cde949be70caea431682756b36552a58e965d",
        "type": "github"
      },
      "original": {
        "owner": "kamadorueda",
        "repo": "alejandra",
        "type": "github"
      }
    },
    "alejandra_2": {
      "inputs": {
        "fenix": "fenix_2",
        "flakeCompat": "flakeCompat_2",
        "nixpkgs": [
          "ashwalker-net",
          "nixpkgs"
        ]
      },
      "locked": {
        "lastModified": 1668317688,
        "narHash": "sha256-wC04cwcKyV2TUYXqMibFWkq7WOMIXHw5DrfAJrWHzgI=",
        "owner": "kamadorueda",
        "repo": "alejandra",
        "rev": "378cde949be70caea431682756b36552a58e965d",
        "type": "github"
      },
      "original": {
        "owner": "kamadorueda",
        "repo": "alejandra",
        "type": "github"
      }
    },
    "ashwalker-net": {
      "inputs": {
        "alejandra": "alejandra_2",
        "nixpkgs": [
          "nixpkgs"
        ]
      },
      "locked": {
        "lastModified": 1673135664,
        "narHash": "sha256-kYJHqE/Q4mcB/NyeA5am0xr+q1jaJnnPkfdU5e4dGiI=",
        "owner": "signalwalker",
        "repo": "net.ashwalker",
        "rev": "c0e3be89e6e2587fd543b90af516d12e2ff492e2",
        "type": "github"
      },
      "original": {
        "owner": "signalwalker",
        "repo": "net.ashwalker",
        "type": "github"
      }
    },
    "fenix": {
      "inputs": {
        "nixpkgs": [
          "alejandra",
          "nixpkgs"
        ],
        "rust-analyzer-src": "rust-analyzer-src"
      },
      "locked": {
        "lastModified": 1668234453,
        "narHash": "sha256-FmuZThToBvRsqCauYJ3l8HJoGLAY5cMULeYEKIaGrRw=",
        "owner": "nix-community",
        "repo": "fenix",
        "rev": "8f219f6b36e8d0d56afa7f67e6e3df63ef013cdb",
        "type": "github"
      },
      "original": {
        "owner": "nix-community",
        "repo": "fenix",
        "type": "github"
      }
    },
    "fenix_2": {
      "inputs": {
        "nixpkgs": [
          "ashwalker-net",
          "alejandra",
          "nixpkgs"
        ],
        "rust-analyzer-src": "rust-analyzer-src_2"
      },
      "locked": {
        "lastModified": 1668234453,
        "narHash": "sha256-FmuZThToBvRsqCauYJ3l8HJoGLAY5cMULeYEKIaGrRw=",
        "owner": "nix-community",
        "repo": "fenix",
        "rev": "8f219f6b36e8d0d56afa7f67e6e3df63ef013cdb",
        "type": "github"
      },
      "original": {
        "owner": "nix-community",
        "repo": "fenix",
        "type": "github"
      }
    },
    "flakeCompat": {
      "flake": false,
      "locked": {
        "lastModified": 1650374568,
        "narHash": "sha256-Z+s0J8/r907g149rllvwhb4pKi8Wam5ij0st8PwAh+E=",
        "owner": "edolstra",
        "repo": "flake-compat",
        "rev": "b4a34015c698c7793d592d66adbab377907a2be8",
        "type": "github"
      },
      "original": {
        "owner": "edolstra",
        "repo": "flake-compat",
        "type": "github"
      }
    },
    "flakeCompat_2": {
      "flake": false,
      "locked": {
        "lastModified": 1650374568,
        "narHash": "sha256-Z+s0J8/r907g149rllvwhb4pKi8Wam5ij0st8PwAh+E=",
        "owner": "edolstra",
        "repo": "flake-compat",
        "rev": "b4a34015c698c7793d592d66adbab377907a2be8",
        "type": "github"
      },
      "original": {
        "owner": "edolstra",
        "repo": "flake-compat",
        "type": "github"
      }
    },
    "funkwhale": {
      "inputs": {
        "nixpkgs": [
          "nixpkgs"
        ]
      },
      "locked": {
        "lastModified": 1660676854,
        "narHash": "sha256-rEYCqRxIHBNtbFkGCllq7n3YSGuf7A+VzeUpsH0b3Ac=",
        "owner": "mmai",
        "repo": "funkwhale-flake",
        "rev": "bda0049875ed662fa52c6beaa8f54d048ee448c7",
        "type": "github"
      },
      "original": {
        "owner": "mmai",
        "repo": "funkwhale-flake",
        "type": "github"
      }
    },
    "home-manager": {
      "inputs": {
        "nixpkgs": [
          "nixpkgs"
        ],
        "utils": "utils"
      },
      "locked": {
        "lastModified": 1673089714,
        "narHash": "sha256-D58SGNOVe+s7r2iewnCA8q68gyrfQcOnD1TdJo1wFLY=",
        "owner": "nix-community",
        "repo": "home-manager",
        "rev": "9e565f0d9d41c19a94f55af205c328ec5177fc0a",
        "type": "github"
      },
      "original": {
        "owner": "nix-community",
        "repo": "home-manager",
        "type": "github"
      }
    },
    "home-manager_2": {
      "inputs": {
        "nixpkgs": [
          "sysbase",
          "nixpkgs"
        ],
        "utils": "utils_2"
      },
      "locked": {
        "lastModified": 1671966569,
        "narHash": "sha256-jbLgfSnmLchARBNFRvCic63CFQ9LAyvlXnBpc2kwjQc=",
        "owner": "nix-community",
        "repo": "home-manager",
        "rev": "c55fa26ce05fee8e063db22918d05a73d430b2ea",
        "type": "github"
      },
      "original": {
        "owner": "nix-community",
        "repo": "home-manager",
        "type": "github"
      }
    },
    "homebase": {
      "inputs": {
        "alejandra": [
          "alejandra"
        ],
        "home-manager": [
          "home-manager"
        ],
        "homelib": [
          "homelib"
        ],
        "nixpkgs": [
          "nixpkgs"
        ]
      },
      "locked": {
        "lastModified": 1672238677,
        "narHash": "sha256-Rz89CdIDGCfG/qldenfyZ1+3KOJIQwIK0AyknMkGU9k=",
        "owner": "signalwalker",
        "repo": "nix.home.base",
        "rev": "5647af5fdcb2ded8cd71fe0c91c8640dd2494fc6",
        "type": "github"
      },
      "original": {
        "owner": "signalwalker",
        "repo": "nix.home.base",
        "type": "github"
      }
    },
    "homelib": {
      "inputs": {
        "alejandra": [
          "alejandra"
        ],
        "home-manager": [
          "home-manager"
        ],
        "nixpkgs": [
          "nixpkgs"
        ]
      },
      "locked": {
        "lastModified": 1672238669,
        "narHash": "sha256-hB3H37UTT26SaioI+gUf/ODtNOOz1l52GuTMyzcttZE=",
        "owner": "signalwalker",
        "repo": "nix.home.lib",
        "rev": "b58af1222d23ad3f8a444fe7c73cac75089fdfc4",
        "type": "github"
      },
      "original": {
        "owner": "signalwalker",
        "repo": "nix.home.lib",
        "type": "github"
      }
    },
    "nixlib": {
      "locked": {
        "lastModified": 1636849918,
        "narHash": "sha256-nzUK6dPcTmNVrgTAC1EOybSMsrcx+QrVPyqRdyKLkjA=",
        "owner": "nix-community",
        "repo": "nixpkgs.lib",
        "rev": "28a5b0557f14124608db68d3ee1f77e9329e9dd5",
        "type": "github"
      },
      "original": {
        "owner": "nix-community",
        "repo": "nixpkgs.lib",
        "type": "github"
      }
    },
    "nixlib_2": {
      "locked": {
        "lastModified": 1636849918,
        "narHash": "sha256-nzUK6dPcTmNVrgTAC1EOybSMsrcx+QrVPyqRdyKLkjA=",
        "owner": "nix-community",
        "repo": "nixpkgs.lib",
        "rev": "28a5b0557f14124608db68d3ee1f77e9329e9dd5",
        "type": "github"
      },
      "original": {
        "owner": "nix-community",
        "repo": "nixpkgs.lib",
        "type": "github"
      }
    },
    "nixos-generators": {
      "inputs": {
        "nixlib": "nixlib",
        "nixpkgs": [
          "nixpkgs"
        ]
      },
      "locked": {
        "lastModified": 1672682641,
        "narHash": "sha256-940TLvtdT8YKuP5nXcPhUfNeK0A/leSjjG8hfqvWM84=",
        "owner": "nix-community",
        "repo": "nixos-generators",
        "rev": "30516cb2b01896e14ce66893e414b6e3eec71cac",
        "type": "github"
      },
      "original": {
        "owner": "nix-community",
        "repo": "nixos-generators",
        "type": "github"
      }
    },
    "nixos-generators_2": {
      "inputs": {
        "nixlib": "nixlib_2",
        "nixpkgs": [
          "sysbase",
          "nixpkgs"
        ]
      },
      "locked": {
        "lastModified": 1671355134,
        "narHash": "sha256-ZtnUWTDDyFog+NQBjZpnhgPdj3gHp5ImxFVWy+ObNno=",
        "owner": "nix-community",
        "repo": "nixos-generators",
        "rev": "64a96ca8621d03cb3889daf0d3ff58d8209e3e0c",
        "type": "github"
      },
      "original": {
        "owner": "nix-community",
        "repo": "nixos-generators",
        "type": "github"
      }
    },
    "nixpkgs": {
      "locked": {
        "lastModified": 1672997035,
        "narHash": "sha256-DNaNjsGMRYefBTAxFIrVOB2ok477cj1FTpqnu/mKRf4=",
        "owner": "NixOS",
        "repo": "nixpkgs",
        "rev": "f1ffcf798e93b169321106a4aef79526a2b4bd0a",
        "type": "github"
      },
      "original": {
        "owner": "NixOS",
        "ref": "nixpkgs-unstable",
        "repo": "nixpkgs",
        "type": "github"
      }
    },
    "pleroma": {
      "flake": false,
      "locked": {
        "lastModified": 1672937402,
        "narHash": "sha256-Oi1xNPANKBV5SvZleohEirFg4c/eeBgiTw/3hN/smZk=",
        "ref": "refs/heads/develop",
        "rev": "2a244b391d8c1d9d8e960532758110928cb5ef7c",
        "revCount": 14796,
        "type": "git",
        "url": "https://git.pleroma.social/pleroma/pleroma/"
      },
      "original": {
        "type": "git",
        "url": "https://git.pleroma.social/pleroma/pleroma/"
      }
    },
    "root": {
      "inputs": {
        "agenix": "agenix",
        "alejandra": "alejandra",
        "ashwalker-net": "ashwalker-net",
        "funkwhale": "funkwhale",
        "home-manager": "home-manager",
        "homebase": "homebase",
        "homelib": "homelib",
        "nixos-generators": "nixos-generators",
        "nixpkgs": "nixpkgs",
        "pleroma": "pleroma",
        "sysbase": "sysbase"
      }
    },
    "rust-analyzer-src": {
      "flake": false,
      "locked": {
        "lastModified": 1668182250,
        "narHash": "sha256-PYGaOCiFvnJdVz+ZCaKF8geGdffXjJUNcMwaBHv0FT4=",
        "owner": "rust-lang",
        "repo": "rust-analyzer",
        "rev": "45ec315e01dc8dd1146dfeb65f0ef6e5c2efed78",
        "type": "github"
      },
      "original": {
        "owner": "rust-lang",
        "ref": "nightly",
        "repo": "rust-analyzer",
        "type": "github"
      }
    },
    "rust-analyzer-src_2": {
      "flake": false,
      "locked": {
        "lastModified": 1668182250,
        "narHash": "sha256-PYGaOCiFvnJdVz+ZCaKF8geGdffXjJUNcMwaBHv0FT4=",
        "owner": "rust-lang",
        "repo": "rust-analyzer",
        "rev": "45ec315e01dc8dd1146dfeb65f0ef6e5c2efed78",
        "type": "github"
      },
      "original": {
        "owner": "rust-lang",
        "ref": "nightly",
        "repo": "rust-analyzer",
        "type": "github"
      }
    },
    "sysbase": {
      "inputs": {
        "alejandra": [
          "alejandra"
        ],
        "home-manager": "home-manager_2",
        "homebase": [
          "homebase"
        ],
        "homelib": [
          "homelib"
        ],
        "nixos-generators": "nixos-generators_2",
        "nixpkgs": [
          "nixpkgs"
        ]
      },
      "locked": {
        "lastModified": 1672096266,
        "narHash": "sha256-yXyd5dxV15HxKzb5Sn8zjdq6/TQL4OQ09YvNYa9ETJA=",
        "owner": "signalwalker",
        "repo": "nix.sys.base",
        "rev": "cba7fa1b71f2c6ab4dec6331702a97f5592d9c4d",
        "type": "github"
      },
      "original": {
        "owner": "signalwalker",
        "repo": "nix.sys.base",
        "type": "github"
      }
    },
    "utils": {
      "locked": {
        "lastModified": 1667395993,
        "narHash": "sha256-nuEHfE/LcWyuSWnS8t12N1wc105Qtau+/OdUAjtQ0rA=",
        "owner": "numtide",
        "repo": "flake-utils",
        "rev": "5aed5285a952e0b949eb3ba02c12fa4fcfef535f",
        "type": "github"
      },
      "original": {
        "owner": "numtide",
        "repo": "flake-utils",
        "type": "github"
      }
    },
    "utils_2": {
      "locked": {
        "lastModified": 1667395993,
        "narHash": "sha256-nuEHfE/LcWyuSWnS8t12N1wc105Qtau+/OdUAjtQ0rA=",
        "owner": "numtide",
        "repo": "flake-utils",
        "rev": "5aed5285a952e0b949eb3ba02c12fa4fcfef535f",
        "type": "github"
      },
      "original": {
        "owner": "numtide",
        "repo": "flake-utils",
        "type": "github"
      }
    }
  },
  "root": "root",
  "version": 7
}
